
Microsoft Visual Studio Solution File, Format Version 12.00
# Visual Studio Version 16
VisualStudioVersion = 16.0.31205.134
MinimumVisualStudioVersion = 10.0.40219.1
Project("{9A19103F-16F7-4668-BE54-9A1E7A4F7556}") = "Greetengs.Labs01.ex1-3", "Greetengs\Greetengs.Labs01.ex1-3.csproj", "{B0BE0A1D-9757-4A62-BD9A-4C18DEE804F1}"
EndProject
Project("{9A19103F-16F7-4668-BE54-9A1E7A4F7556}") = "Divider.Labs01.ex4", "Divider\Divider.Labs01.ex4.csproj", "{A6AE32A7-1B5C-4AA6-8B7B-E57BE86D03BE}"
EndProject
Project("{9A19103F-16F7-4668-BE54-9A1E7A4F7556}") = "BankAccount.Labs02.ex1-2", "BankAccount\BankAccount.Labs02.ex1-2.csproj", "{6A772BD2-F1EE-447F-ABDE-6D6B64E0DD18}"
EndProject
Project("{9A19103F-16F7-4668-BE54-9A1E7A4F7556}") = "StructType.Labs02.ex3", "StructType\StructType.Labs02.ex3.csproj", "{A2DF3457-8B6D-4854-8E41-CEF3314186C0}"
EndProject
Project("{9A19103F-16F7-4668-BE54-9A1E7A4F7556}") = "Labs03.Using.ExpExc.ex1", "Labs03.Using.ExpExc.ex1\Labs03.Using.ExpExc.ex1.csproj", "{648E9A38-9A2D-42B2-9EB2-25DC6F7ED3F9}"
EndProject
Project("{FAE04EC0-301F-11D3-BF4B-00C04F79EFBC}") = "Labs04.CreatMetods", "Labs04.CreatMetods\Labs04.CreatMetods.csproj", "{AEAC7998-DE7C-4308-BA21-8754A4CD8528}"
EndProject
Global
	GlobalSection(SolutionConfigurationPlatforms) = preSolution
		Debug|Any CPU = Debug|Any CPU
		Release|Any CPU = Release|Any CPU
	EndGlobalSection
	GlobalSection(ProjectConfigurationPlatforms) = postSolution
		{B0BE0A1D-9757-4A62-BD9A-4C18DEE804F1}.Debug|Any CPU.ActiveCfg = Debug|Any CPU
		{B0BE0A1D-9757-4A62-BD9A-4C18DEE804F1}.Debug|Any CPU.Build.0 = Debug|Any CPU
		{B0BE0A1D-9757-4A62-BD9A-4C18DEE804F1}.Release|Any CPU.ActiveCfg = Release|Any CPU
		{B0BE0A1D-9757-4A62-BD9A-4C18DEE804F1}.Release|Any CPU.Build.0 = Release|Any CPU
		{A6AE32A7-1B5C-4AA6-8B7B-E57BE86D03BE}.Debug|Any CPU.ActiveCfg = Debug|Any CPU
		{A6AE32A7-1B5C-4AA6-8B7B-E57BE86D03BE}.Debug|Any CPU.Build.0 = Debug|Any CPU
		{A6AE32A7-1B5C-4AA6-8B7B-E57BE86D03BE}.Release|Any CPU.ActiveCfg = Release|Any CPU
		{A6AE32A7-1B5C-4AA6-8B7B-E57BE86D03BE}.Release|Any CPU.Build.0 = Release|Any CPU
		{6A772BD2-F1EE-447F-ABDE-6D6B64E0DD18}.Debug|Any CPU.ActiveCfg = Debug|Any CPU
		{6A772BD2-F1EE-447F-ABDE-6D6B64E0DD18}.Debug|Any CPU.Build.0 = Debug|Any CPU
		{6A772BD2-F1EE-447F-ABDE-6D6B64E0DD18}.Release|Any CPU.ActiveCfg = Release|Any CPU
		{6A772BD2-F1EE-447F-ABDE-6D6B64E0DD18}.Release|Any CPU.Build.0 = Release|Any CPU
		{A2DF3457-8B6D-4854-8E41-CEF3314186C0}.Debug|Any CPU.ActiveCfg = Debug|Any CPU
		{A2DF3457-8B6D-4854-8E41-CEF3314186C0}.Debug|Any CPU.Build.0 = Debug|Any CPU
		{A2DF3457-8B6D-4854-8E41-CEF3314186C0}.Release|Any CPU.ActiveCfg = Release|Any CPU
		{A2DF3457-8B6D-4854-8E41-CEF3314186C0}.Release|Any CPU.Build.0 = Release|Any CPU
		{648E9A38-9A2D-42B2-9EB2-25DC6F7ED3F9}.Debug|Any CPU.ActiveCfg = Debug|Any CPU
		{648E9A38-9A2D-42B2-9EB2-25DC6F7ED3F9}.Debug|Any CPU.Build.0 = Debug|Any CPU
		{648E9A38-9A2D-42B2-9EB2-25DC6F7ED3F9}.Release|Any CPU.ActiveCfg = Release|Any CPU
		{648E9A38-9A2D-42B2-9EB2-25DC6F7ED3F9}.Release|Any CPU.Build.0 = Release|Any CPU
		{AEAC7998-DE7C-4308-BA21-8754A4CD8528}.Debug|Any CPU.ActiveCfg = Debug|Any CPU
		{AEAC7998-DE7C-4308-BA21-8754A4CD8528}.Debug|Any CPU.Build.0 = Debug|Any CPU
		{AEAC7998-DE7C-4308-BA21-8754A4CD8528}.Release|Any CPU.ActiveCfg = Release|Any CPU
		{AEAC7998-DE7C-4308-BA21-8754A4CD8528}.Release|Any CPU.Build.0 = Release|Any CPU
	EndGlobalSection
	GlobalSection(SolutionProperties) = preSolution
		HideSolutionNode = FALSE
	EndGlobalSection
	GlobalSection(ExtensibilityGlobals) = postSolution
		SolutionGuid = {7A56EA78-86ED-44B0-8D18-DE46B290A422}
	EndGlobalSection
EndGlobal
